
Microsoft Visual Studio Solution File, Format Version 12.00
# Visual Studio Version 17
VisualStudioVersion = 17.4.33122.133
MinimumVisualStudioVersion = 10.0.40219.1
Project("{9A19103F-16F7-4668-BE54-9A1E7A4F7556}") = "GeneratorPlugin", "GeneratorPlugin\GeneratorPlugin.csproj", "{28C2A59B-2B3F-4D99-8A30-9FC786EFAAB4}"
EndProject
Project("{2150E333-8FDC-42A3-9474-1A3956D46DE8}") = "Solution Items", "Solution Items", "{5B56D73A-9F6D-42C1-893D-02B02C547EE1}"
	ProjectSection(SolutionItems) = preProject
		Directory.Build.targets = Directory.Build.targets
	EndProjectSection
EndProject
Global
	GlobalSection(SolutionConfigurationPlatforms) = preSolution
		Debug|Any CPU = Debug|Any CPU
		Release|Any CPU = Release|Any CPU
	EndGlobalSection
	GlobalSection(ProjectConfigurationPlatforms) = postSolution
		{28C2A59B-2B3F-4D99-8A30-9FC786EFAAB4}.Debug|Any CPU.ActiveCfg = Debug|Any CPU
		{28C2A59B-2B3F-4D99-8A30-9FC786EFAAB4}.Debug|Any CPU.Build.0 = Debug|Any CPU
		{28C2A59B-2B3F-4D99-8A30-9FC786EFAAB4}.Release|Any CPU.ActiveCfg = Release|Any CPU
		{28C2A59B-2B3F-4D99-8A30-9FC786EFAAB4}.Release|Any CPU.Build.0 = Release|Any CPU
	EndGlobalSection
	GlobalSection(SolutionProperties) = preSolution
		HideSolutionNode = FALSE
	EndGlobalSection
	GlobalSection(ExtensibilityGlobals) = postSolution
		SolutionGuid = {7549EA21-2E94-4F4C-A7A1-A483F5CA0C52}
	EndGlobalSection
EndGlobal
